
Microsoft Visual Studio Solution File, Format Version 12.00
# Visual Studio Version 17
VisualStudioVersion = 17.11.34909.67
MinimumVisualStudioVersion = 10.0.40219.1
Project("{9A19103F-16F7-4668-BE54-9A1E7A4F7556}") = "BackEnd", "BackEnd\BackEnd.csproj", "{ED4FF9C1-7E3E-4F31-99DB-54DB056363C0}"
EndProject
Project("{9A19103F-16F7-4668-BE54-9A1E7A4F7556}") = "ConferenceDTO", "ConferenceDTO\ConferenceDTO.csproj", "{F90412A7-1FCD-4F68-B108-F972A6FDE4CD}"
EndProject
Project("{9A19103F-16F7-4668-BE54-9A1E7A4F7556}") = "FrontEnd", "FrontEnd\FrontEnd.csproj", "{10B242E6-0DA7-437C-A724-BAA3CD0787EE}"
EndProject
Global
	GlobalSection(SolutionConfigurationPlatforms) = preSolution
		Debug|Any CPU = Debug|Any CPU
		Release|Any CPU = Release|Any CPU
	EndGlobalSection
	GlobalSection(ProjectConfigurationPlatforms) = postSolution
		{ED4FF9C1-7E3E-4F31-99DB-54DB056363C0}.Debug|Any CPU.ActiveCfg = Debug|Any CPU
		{ED4FF9C1-7E3E-4F31-99DB-54DB056363C0}.Debug|Any CPU.Build.0 = Debug|Any CPU
		{ED4FF9C1-7E3E-4F31-99DB-54DB056363C0}.Release|Any CPU.ActiveCfg = Release|Any CPU
		{ED4FF9C1-7E3E-4F31-99DB-54DB056363C0}.Release|Any CPU.Build.0 = Release|Any CPU
		{F90412A7-1FCD-4F68-B108-F972A6FDE4CD}.Debug|Any CPU.ActiveCfg = Debug|Any CPU
		{F90412A7-1FCD-4F68-B108-F972A6FDE4CD}.Debug|Any CPU.Build.0 = Debug|Any CPU
		{F90412A7-1FCD-4F68-B108-F972A6FDE4CD}.Release|Any CPU.ActiveCfg = Release|Any CPU
		{F90412A7-1FCD-4F68-B108-F972A6FDE4CD}.Release|Any CPU.Build.0 = Release|Any CPU
		{10B242E6-0DA7-437C-A724-BAA3CD0787EE}.Debug|Any CPU.ActiveCfg = Debug|Any CPU
		{10B242E6-0DA7-437C-A724-BAA3CD0787EE}.Debug|Any CPU.Build.0 = Debug|Any CPU
		{10B242E6-0DA7-437C-A724-BAA3CD0787EE}.Release|Any CPU.ActiveCfg = Release|Any CPU
		{10B242E6-0DA7-437C-A724-BAA3CD0787EE}.Release|Any CPU.Build.0 = Release|Any CPU
	EndGlobalSection
	GlobalSection(SolutionProperties) = preSolution
		HideSolutionNode = FALSE
	EndGlobalSection
	GlobalSection(ExtensibilityGlobals) = postSolution
		SolutionGuid = {249EF070-BCE5-48EE-8423-E2316E4B5961}
	EndGlobalSection
EndGlobal
